
Microsoft Visual Studio Solution File, Format Version 12.00
# Visual Studio Version 17
VisualStudioVersion = 17.0.31903.59
MinimumVisualStudioVersion = 10.0.40219.1
Project("{2150E333-8FDC-42A3-9474-1A3956D46DE8}") = "BuildingBlocks", "BuildingBlocks", "{7266C4A9-E384-DC00-0EB6-47F6002CFBA7}"
EndProject
Project("{FAE04EC0-301F-11D3-BF4B-00C04F79EFBC}") = "Alextor.Contracts", "BuildingBlocks\Alextor.Contracts\Alextor.Contracts.csproj", "{EABC1178-752C-4678-887C-0A132166FDF8}"
EndProject
Project("{2150E333-8FDC-42A3-9474-1A3956D46DE8}") = "Gateway", "Gateway", "{E7BDDBC6-9FD1-D1D7-ACD8-2C4F8E3D2461}"
EndProject
Project("{FAE04EC0-301F-11D3-BF4B-00C04F79EFBC}") = "Alextor.Gateway", "Gateway\Alextor.Gateway\Alextor.Gateway.csproj", "{6D3D42F2-3BCD-4C42-99E7-558895C8D228}"
EndProject
Project("{2150E333-8FDC-42A3-9474-1A3956D46DE8}") = "Infrastructure", "Infrastructure", "{DFEE68D8-A7D0-1A41-506C-9B74AA9A7B7B}"
EndProject
Project("{FAE04EC0-301F-11D3-BF4B-00C04F79EFBC}") = "Alextor.Common", "Infrastructure\Alextor.Common\Alextor.Common.csproj", "{B91F1DA0-A77D-4B22-B92B-923A126D5583}"
EndProject
Project("{FAE04EC0-301F-11D3-BF4B-00C04F79EFBC}") = "Alextor.Identity", "Infrastructure\Alextor.Identity\Alextor.Identity.csproj", "{E8F7E27B-0E4B-42A6-A322-17161BC79222}"
EndProject
Project("{FAE04EC0-301F-11D3-BF4B-00C04F79EFBC}") = "Alextor.Persistence", "Infrastructure\Alextor.Persistence\Alextor.Persistence.csproj", "{1D7C31AC-8666-424A-A31E-46E54FBCAEEF}"
EndProject
Project("{FAE04EC0-301F-11D3-BF4B-00C04F79EFBC}") = "Alextor.Shared", "Infrastructure\Alextor.Shared\Alextor.Shared.csproj", "{1E2A75F8-B687-455F-A255-C907C07D8669}"
EndProject
Project("{FAE04EC0-301F-11D3-BF4B-00C04F79EFBC}") = "Alextor.Vector", "Infrastructure\Alextor.Vector\Alextor.Vector.csproj", "{4592AA2F-2182-410B-BDA6-8E9A39E4606A}"
EndProject
Project("{2150E333-8FDC-42A3-9474-1A3956D46DE8}") = "Services", "Services", "{5854FF58-B8C5-05C6-5BF2-ACE42193F22B}"
EndProject
Project("{FAE04EC0-301F-11D3-BF4B-00C04F79EFBC}") = "Alextor.AuthService", "Services\Alextor.AuthService\Alextor.AuthService.csproj", "{ABB59A02-5143-4729-BBA9-2B193DD2F20C}"
EndProject
Global
	GlobalSection(SolutionConfigurationPlatforms) = preSolution
		Debug|Any CPU = Debug|Any CPU
		Debug|x64 = Debug|x64
		Debug|x86 = Debug|x86
		Release|Any CPU = Release|Any CPU
		Release|x64 = Release|x64
		Release|x86 = Release|x86
	EndGlobalSection
	GlobalSection(ProjectConfigurationPlatforms) = postSolution
		{EABC1178-752C-4678-887C-0A132166FDF8}.Debug|Any CPU.ActiveCfg = Debug|Any CPU
		{EABC1178-752C-4678-887C-0A132166FDF8}.Debug|Any CPU.Build.0 = Debug|Any CPU
		{EABC1178-752C-4678-887C-0A132166FDF8}.Debug|x64.ActiveCfg = Debug|Any CPU
		{EABC1178-752C-4678-887C-0A132166FDF8}.Debug|x64.Build.0 = Debug|Any CPU
		{EABC1178-752C-4678-887C-0A132166FDF8}.Debug|x86.ActiveCfg = Debug|Any CPU
		{EABC1178-752C-4678-887C-0A132166FDF8}.Debug|x86.Build.0 = Debug|Any CPU
		{EABC1178-752C-4678-887C-0A132166FDF8}.Release|Any CPU.ActiveCfg = Release|Any CPU
		{EABC1178-752C-4678-887C-0A132166FDF8}.Release|Any CPU.Build.0 = Release|Any CPU
		{EABC1178-752C-4678-887C-0A132166FDF8}.Release|x64.ActiveCfg = Release|Any CPU
		{EABC1178-752C-4678-887C-0A132166FDF8}.Release|x64.Build.0 = Release|Any CPU
		{EABC1178-752C-4678-887C-0A132166FDF8}.Release|x86.ActiveCfg = Release|Any CPU
		{EABC1178-752C-4678-887C-0A132166FDF8}.Release|x86.Build.0 = Release|Any CPU
		{6D3D42F2-3BCD-4C42-99E7-558895C8D228}.Debug|Any CPU.ActiveCfg = Debug|Any CPU
		{6D3D42F2-3BCD-4C42-99E7-558895C8D228}.Debug|Any CPU.Build.0 = Debug|Any CPU
		{6D3D42F2-3BCD-4C42-99E7-558895C8D228}.Debug|x64.ActiveCfg = Debug|Any CPU
		{6D3D42F2-3BCD-4C42-99E7-558895C8D228}.Debug|x64.Build.0 = Debug|Any CPU
		{6D3D42F2-3BCD-4C42-99E7-558895C8D228}.Debug|x86.ActiveCfg = Debug|Any CPU
		{6D3D42F2-3BCD-4C42-99E7-558895C8D228}.Debug|x86.Build.0 = Debug|Any CPU
		{6D3D42F2-3BCD-4C42-99E7-558895C8D228}.Release|Any CPU.ActiveCfg = Release|Any CPU
		{6D3D42F2-3BCD-4C42-99E7-558895C8D228}.Release|Any CPU.Build.0 = Release|Any CPU
		{6D3D42F2-3BCD-4C42-99E7-558895C8D228}.Release|x64.ActiveCfg = Release|Any CPU
		{6D3D42F2-3BCD-4C42-99E7-558895C8D228}.Release|x64.Build.0 = Release|Any CPU
		{6D3D42F2-3BCD-4C42-99E7-558895C8D228}.Release|x86.ActiveCfg = Release|Any CPU
		{6D3D42F2-3BCD-4C42-99E7-558895C8D228}.Release|x86.Build.0 = Release|Any CPU
		{B91F1DA0-A77D-4B22-B92B-923A126D5583}.Debug|Any CPU.ActiveCfg = Debug|Any CPU
		{B91F1DA0-A77D-4B22-B92B-923A126D5583}.Debug|Any CPU.Build.0 = Debug|Any CPU
		{B91F1DA0-A77D-4B22-B92B-923A126D5583}.Debug|x64.ActiveCfg = Debug|Any CPU
		{B91F1DA0-A77D-4B22-B92B-923A126D5583}.Debug|x64.Build.0 = Debug|Any CPU
		{B91F1DA0-A77D-4B22-B92B-923A126D5583}.Debug|x86.ActiveCfg = Debug|Any CPU
		{B91F1DA0-A77D-4B22-B92B-923A126D5583}.Debug|x86.Build.0 = Debug|Any CPU
		{B91F1DA0-A77D-4B22-B92B-923A126D5583}.Release|Any CPU.ActiveCfg = Release|Any CPU
		{B91F1DA0-A77D-4B22-B92B-923A126D5583}.Release|Any CPU.Build.0 = Release|Any CPU
		{B91F1DA0-A77D-4B22-B92B-923A126D5583}.Release|x64.ActiveCfg = Release|Any CPU
		{B91F1DA0-A77D-4B22-B92B-923A126D5583}.Release|x64.Build.0 = Release|Any CPU
		{B91F1DA0-A77D-4B22-B92B-923A126D5583}.Release|x86.ActiveCfg = Release|Any CPU
		{B91F1DA0-A77D-4B22-B92B-923A126D5583}.Release|x86.Build.0 = Release|Any CPU
		{E8F7E27B-0E4B-42A6-A322-17161BC79222}.Debug|Any CPU.ActiveCfg = Debug|Any CPU
		{E8F7E27B-0E4B-42A6-A322-17161BC79222}.Debug|Any CPU.Build.0 = Debug|Any CPU
		{E8F7E27B-0E4B-42A6-A322-17161BC79222}.Debug|x64.ActiveCfg = Debug|Any CPU
		{E8F7E27B-0E4B-42A6-A322-17161BC79222}.Debug|x64.Build.0 = Debug|Any CPU
		{E8F7E27B-0E4B-42A6-A322-17161BC79222}.Debug|x86.ActiveCfg = Debug|Any CPU
		{E8F7E27B-0E4B-42A6-A322-17161BC79222}.Debug|x86.Build.0 = Debug|Any CPU
		{E8F7E27B-0E4B-42A6-A322-17161BC79222}.Release|Any CPU.ActiveCfg = Release|Any CPU
		{E8F7E27B-0E4B-42A6-A322-17161BC79222}.Release|Any CPU.Build.0 = Release|Any CPU
		{E8F7E27B-0E4B-42A6-A322-17161BC79222}.Release|x64.ActiveCfg = Release|Any CPU
		{E8F7E27B-0E4B-42A6-A322-17161BC79222}.Release|x64.Build.0 = Release|Any CPU
		{E8F7E27B-0E4B-42A6-A322-17161BC79222}.Release|x86.ActiveCfg = Release|Any CPU
		{E8F7E27B-0E4B-42A6-A322-17161BC79222}.Release|x86.Build.0 = Release|Any CPU
		{1D7C31AC-8666-424A-A31E-46E54FBCAEEF}.Debug|Any CPU.ActiveCfg = Debug|Any CPU
		{1D7C31AC-8666-424A-A31E-46E54FBCAEEF}.Debug|Any CPU.Build.0 = Debug|Any CPU
		{1D7C31AC-8666-424A-A31E-46E54FBCAEEF}.Debug|x64.ActiveCfg = Debug|Any CPU
		{1D7C31AC-8666-424A-A31E-46E54FBCAEEF}.Debug|x64.Build.0 = Debug|Any CPU
		{1D7C31AC-8666-424A-A31E-46E54FBCAEEF}.Debug|x86.ActiveCfg = Debug|Any CPU
		{1D7C31AC-8666-424A-A31E-46E54FBCAEEF}.Debug|x86.Build.0 = Debug|Any CPU
		{1D7C31AC-8666-424A-A31E-46E54FBCAEEF}.Release|Any CPU.ActiveCfg = Release|Any CPU
		{1D7C31AC-8666-424A-A31E-46E54FBCAEEF}.Release|Any CPU.Build.0 = Release|Any CPU
		{1D7C31AC-8666-424A-A31E-46E54FBCAEEF}.Release|x64.ActiveCfg = Release|Any CPU
		{1D7C31AC-8666-424A-A31E-46E54FBCAEEF}.Release|x64.Build.0 = Release|Any CPU
		{1D7C31AC-8666-424A-A31E-46E54FBCAEEF}.Release|x86.ActiveCfg = Release|Any CPU
		{1D7C31AC-8666-424A-A31E-46E54FBCAEEF}.Release|x86.Build.0 = Release|Any CPU
		{1E2A75F8-B687-455F-A255-C907C07D8669}.Debug|Any CPU.ActiveCfg = Debug|Any CPU
		{1E2A75F8-B687-455F-A255-C907C07D8669}.Debug|Any CPU.Build.0 = Debug|Any CPU
		{1E2A75F8-B687-455F-A255-C907C07D8669}.Debug|x64.ActiveCfg = Debug|Any CPU
		{1E2A75F8-B687-455F-A255-C907C07D8669}.Debug|x64.Build.0 = Debug|Any CPU
		{1E2A75F8-B687-455F-A255-C907C07D8669}.Debug|x86.ActiveCfg = Debug|Any CPU
		{1E2A75F8-B687-455F-A255-C907C07D8669}.Debug|x86.Build.0 = Debug|Any CPU
		{1E2A75F8-B687-455F-A255-C907C07D8669}.Release|Any CPU.ActiveCfg = Release|Any CPU
		{1E2A75F8-B687-455F-A255-C907C07D8669}.Release|Any CPU.Build.0 = Release|Any CPU
		{1E2A75F8-B687-455F-A255-C907C07D8669}.Release|x64.ActiveCfg = Release|Any CPU
		{1E2A75F8-B687-455F-A255-C907C07D8669}.Release|x64.Build.0 = Release|Any CPU
		{1E2A75F8-B687-455F-A255-C907C07D8669}.Release|x86.ActiveCfg = Release|Any CPU
		{1E2A75F8-B687-455F-A255-C907C07D8669}.Release|x86.Build.0 = Release|Any CPU
		{4592AA2F-2182-410B-BDA6-8E9A39E4606A}.Debug|Any CPU.ActiveCfg = Debug|Any CPU
		{4592AA2F-2182-410B-BDA6-8E9A39E4606A}.Debug|Any CPU.Build.0 = Debug|Any CPU
		{4592AA2F-2182-410B-BDA6-8E9A39E4606A}.Debug|x64.ActiveCfg = Debug|Any CPU
		{4592AA2F-2182-410B-BDA6-8E9A39E4606A}.Debug|x64.Build.0 = Debug|Any CPU
		{4592AA2F-2182-410B-BDA6-8E9A39E4606A}.Debug|x86.ActiveCfg = Debug|Any CPU
		{4592AA2F-2182-410B-BDA6-8E9A39E4606A}.Debug|x86.Build.0 = Debug|Any CPU
		{4592AA2F-2182-410B-BDA6-8E9A39E4606A}.Release|Any CPU.ActiveCfg = Release|Any CPU
		{4592AA2F-2182-410B-BDA6-8E9A39E4606A}.Release|Any CPU.Build.0 = Release|Any CPU
		{4592AA2F-2182-410B-BDA6-8E9A39E4606A}.Release|x64.ActiveCfg = Release|Any CPU
		{4592AA2F-2182-410B-BDA6-8E9A39E4606A}.Release|x64.Build.0 = Release|Any CPU
		{4592AA2F-2182-410B-BDA6-8E9A39E4606A}.Release|x86.ActiveCfg = Release|Any CPU
		{4592AA2F-2182-410B-BDA6-8E9A39E4606A}.Release|x86.Build.0 = Release|Any CPU
		{ABB59A02-5143-4729-BBA9-2B193DD2F20C}.Debug|Any CPU.ActiveCfg = Debug|Any CPU
		{ABB59A02-5143-4729-BBA9-2B193DD2F20C}.Debug|Any CPU.Build.0 = Debug|Any CPU
		{ABB59A02-5143-4729-BBA9-2B193DD2F20C}.Debug|x64.ActiveCfg = Debug|Any CPU
		{ABB59A02-5143-4729-BBA9-2B193DD2F20C}.Debug|x64.Build.0 = Debug|Any CPU
		{ABB59A02-5143-4729-BBA9-2B193DD2F20C}.Debug|x86.ActiveCfg = Debug|Any CPU
		{ABB59A02-5143-4729-BBA9-2B193DD2F20C}.Debug|x86.Build.0 = Debug|Any CPU
		{ABB59A02-5143-4729-BBA9-2B193DD2F20C}.Release|Any CPU.ActiveCfg = Release|Any CPU
		{ABB59A02-5143-4729-BBA9-2B193DD2F20C}.Release|Any CPU.Build.0 = Release|Any CPU
		{ABB59A02-5143-4729-BBA9-2B193DD2F20C}.Release|x64.ActiveCfg = Release|Any CPU
		{ABB59A02-5143-4729-BBA9-2B193DD2F20C}.Release|x64.Build.0 = Release|Any CPU
		{ABB59A02-5143-4729-BBA9-2B193DD2F20C}.Release|x86.ActiveCfg = Release|Any CPU
		{ABB59A02-5143-4729-BBA9-2B193DD2F20C}.Release|x86.Build.0 = Release|Any CPU
	EndGlobalSection
	GlobalSection(SolutionProperties) = preSolution
		HideSolutionNode = FALSE
	EndGlobalSection
	GlobalSection(NestedProjects) = preSolution
		{EABC1178-752C-4678-887C-0A132166FDF8} = {7266C4A9-E384-DC00-0EB6-47F6002CFBA7}
		{6D3D42F2-3BCD-4C42-99E7-558895C8D228} = {E7BDDBC6-9FD1-D1D7-ACD8-2C4F8E3D2461}
		{B91F1DA0-A77D-4B22-B92B-923A126D5583} = {DFEE68D8-A7D0-1A41-506C-9B74AA9A7B7B}
		{E8F7E27B-0E4B-42A6-A322-17161BC79222} = {DFEE68D8-A7D0-1A41-506C-9B74AA9A7B7B}
		{1D7C31AC-8666-424A-A31E-46E54FBCAEEF} = {DFEE68D8-A7D0-1A41-506C-9B74AA9A7B7B}
		{1E2A75F8-B687-455F-A255-C907C07D8669} = {DFEE68D8-A7D0-1A41-506C-9B74AA9A7B7B}
		{4592AA2F-2182-410B-BDA6-8E9A39E4606A} = {DFEE68D8-A7D0-1A41-506C-9B74AA9A7B7B}
		{ABB59A02-5143-4729-BBA9-2B193DD2F20C} = {5854FF58-B8C5-05C6-5BF2-ACE42193F22B}
	EndGlobalSection
EndGlobal
